// !$*UTF8*$!
{
	archiveVersion = 1;
	classes = {
	};
	objectVersion = 46;
	objects = {

/* Begin PBXBuildFile section */
		4FA6AC621B26BDF9007D25F0 /* AppDelegate.swift in Sources */ = {isa = PBXBuildFile; fileRef = 4FA6AC611B26BDF9007D25F0 /* AppDelegate.swift */; };
		4FA6AC651B26BDF9007D25F0 /* homewrok.xcdatamodeld in Sources */ = {isa = PBXBuildFile; fileRef = 4FA6AC631B26BDF9007D25F0 /* homewrok.xcdatamodeld */; };
		4FA6AC671B26BDF9007D25F0 /* ViewController.swift in Sources */ = {isa = PBXBuildFile; fileRef = 4FA6AC661B26BDF9007D25F0 /* ViewController.swift */; };
		4FA6AC6A1B26BDF9007D25F0 /* Main.storyboard in Resources */ = {isa = PBXBuildFile; fileRef = 4FA6AC681B26BDF9007D25F0 /* Main.storyboard */; };
		4FA6AC6C1B26BDF9007D25F0 /* Images.xcassets in Resources */ = {isa = PBXBuildFile; fileRef = 4FA6AC6B1B26BDF9007D25F0 /* Images.xcassets */; };
		4FA6AC6F1B26BDF9007D25F0 /* LaunchScreen.xib in Resources */ = {isa = PBXBuildFile; fileRef = 4FA6AC6D1B26BDF9007D25F0 /* LaunchScreen.xib */; };
		4FA6AC7B1B26BDF9007D25F0 /* homewrokTests.swift in Sources */ = {isa = PBXBuildFile; fileRef = 4FA6AC7A1B26BDF9007D25F0 /* homewrokTests.swift */; };
		4FA6AC851B26BE85007D25F0 /* TableController.swift in Sources */ = {isa = PBXBuildFile; fileRef = 4FA6AC841B26BE85007D25F0 /* TableController.swift */; };
		4FA6AC871B26C1CB007D25F0 /* facts.json in Resources */ = {isa = PBXBuildFile; fileRef = 4FA6AC861B26C1CB007D25F0 /* facts.json */; };
		4FA6AC8A1B26C555007D25F0 /* TableViewCell.swift in Sources */ = {isa = PBXBuildFile; fileRef = 4FA6AC881B26C555007D25F0 /* TableViewCell.swift */; };
		4FA6AC8B1B26C555007D25F0 /* TableViewCell.xib in Resources */ = {isa = PBXBuildFile; fileRef = 4FA6AC891B26C555007D25F0 /* TableViewCell.xib */; };
		4FA6AC8D1B26C5B8007D25F0 /* JsonData.swift in Sources */ = {isa = PBXBuildFile; fileRef = 4FA6AC8C1B26C5B8007D25F0 /* JsonData.swift */; };
/* End PBXBuildFile section */

/* Begin PBXContainerItemProxy section */
		4FA6AC751B26BDF9007D25F0 /* PBXContainerItemProxy */ = {
			isa = PBXContainerItemProxy;
			containerPortal = 4FA6AC541B26BDF9007D25F0 /* Project object */;
			proxyType = 1;
			remoteGlobalIDString = 4FA6AC5B1B26BDF9007D25F0;
			remoteInfo = homewrok;
		};
/* End PBXContainerItemProxy section */

/* Begin PBXFileReference section */
		4FA6AC5C1B26BDF9007D25F0 /* homewrok.app */ = {isa = PBXFileReference; explicitFileType = wrapper.application; includeInIndex = 0; path = homewrok.app; sourceTree = BUILT_PRODUCTS_DIR; };
		4FA6AC601B26BDF9007D25F0 /* Info.plist */ = {isa = PBXFileReference; lastKnownFileType = text.plist.xml; path = Info.plist; sourceTree = "<group>"; };
		4FA6AC611B26BDF9007D25F0 /* AppDelegate.swift */ = {isa = PBXFileReference; lastKnownFileType = sourcecode.swift; path = AppDelegate.swift; sourceTree = "<group>"; };
		4FA6AC641B26BDF9007D25F0 /* homewrok.xcdatamodel */ = {isa = PBXFileReference; lastKnownFileType = wrapper.xcdatamodel; path = homewrok.xcdatamodel; sourceTree = "<group>"; };
		4FA6AC661B26BDF9007D25F0 /* ViewController.swift */ = {isa = PBXFileReference; lastKnownFileType = sourcecode.swift; path = ViewController.swift; sourceTree = "<group>"; };
		4FA6AC691B26BDF9007D25F0 /* Base */ = {isa = PBXFileReference; lastKnownFileType = file.storyboard; name = Base; path = Base.lproj/Main.storyboard; sourceTree = "<group>"; };
		4FA6AC6B1B26BDF9007D25F0 /* Images.xcassets */ = {isa = PBXFileReference; lastKnownFileType = folder.assetcatalog; path = Images.xcassets; sourceTree = "<group>"; };
		4FA6AC6E1B26BDF9007D25F0 /* Base */ = {isa = PBXFileReference; lastKnownFileType = file.xib; name = Base; path = Base.lproj/LaunchScreen.xib; sourceTree = "<group>"; };
		4FA6AC741B26BDF9007D25F0 /* homewrokTests.xctest */ = {isa = PBXFileReference; explicitFileType = wrapper.cfbundle; includeInIndex = 0; path = homewrokTests.xctest; sourceTree = BUILT_PRODUCTS_DIR; };
		4FA6AC791B26BDF9007D25F0 /* Info.plist */ = {isa = PBXFileReference; lastKnownFileType = text.plist.xml; path = Info.plist; sourceTree = "<group>"; };
		4FA6AC7A1B26BDF9007D25F0 /* homewrokTests.swift */ = {isa = PBXFileReference; lastKnownFileType = sourcecode.swift; path = homewrokTests.swift; sourceTree = "<group>"; };
		4FA6AC841B26BE85007D25F0 /* TableController.swift */ = {isa = PBXFileReference; fileEncoding = 4; lastKnownFileType = sourcecode.swift; path = TableController.swift; sourceTree = "<group>"; };
		4FA6AC861B26C1CB007D25F0 /* facts.json */ = {isa = PBXFileReference; fileEncoding = 4; lastKnownFileType = text.json; name = facts.json; path = "../../../../../Desktop/iOS培训作业/facts.json"; sourceTree = "<group>"; };
		4FA6AC881B26C555007D25F0 /* TableViewCell.swift */ = {isa = PBXFileReference; fileEncoding = 4; lastKnownFileType = sourcecode.swift; path = TableViewCell.swift; sourceTree = "<group>"; };
		4FA6AC891B26C555007D25F0 /* TableViewCell.xib */ = {isa = PBXFileReference; fileEncoding = 4; lastKnownFileType = file.xib; path = TableViewCell.xib; sourceTree = "<group>"; };
		4FA6AC8C1B26C5B8007D25F0 /* JsonData.swift */ = {isa = PBXFileReference; fileEncoding = 4; lastKnownFileType = sourcecode.swift; path = JsonData.swift; sourceTree = "<group>"; };
/* End PBXFileReference section */

/* Begin PBXFrameworksBuildPhase section */
		4FA6AC591B26BDF9007D25F0 /* Frameworks */ = {
			isa = PBXFrameworksBuildPhase;
			buildActionMask = 2147483647;
			files = (
			);
			runOnlyForDeploymentPostprocessing = 0;
		};
		4FA6AC711B26BDF9007D25F0 /* Frameworks */ = {
			isa = PBXFrameworksBuildPhase;
			buildActionMask = 2147483647;
			files = (
			);
			runOnlyForDeploymentPostprocessing = 0;
		};
/* End PBXFrameworksBuildPhase section */

/* Begin PBXGroup section */
		4FA6AC531B26BDF9007D25F0 = {
			isa = PBXGroup;
			children = (
				4FA6AC5E1B26BDF9007D25F0 /* homewrok */,
				4FA6AC771B26BDF9007D25F0 /* homewrokTests */,
				4FA6AC5D1B26BDF9007D25F0 /* Products */,
			);
			sourceTree = "<group>";
		};
		4FA6AC5D1B26BDF9007D25F0 /* Products */ = {
			isa = PBXGroup;
			children = (
				4FA6AC5C1B26BDF9007D25F0 /* homewrok.app */,
				4FA6AC741B26BDF9007D25F0 /* homewrokTests.xctest */,
			);
			name = Products;
			sourceTree = "<group>";
		};
		4FA6AC5E1B26BDF9007D25F0 /* homewrok */ = {
			isa = PBXGroup;
			children = (
				4FA6AC861B26C1CB007D25F0 /* facts.json */,
				4FA6AC611B26BDF9007D25F0 /* AppDelegate.swift */,
				4FA6AC661B26BDF9007D25F0 /* ViewController.swift */,
				4FA6AC681B26BDF9007D25F0 /* Main.storyboard */,
				4FA6AC6B1B26BDF9007D25F0 /* Images.xcassets */,
				4FA6AC6D1B26BDF9007D25F0 /* LaunchScreen.xib */,
				4FA6AC631B26BDF9007D25F0 /* homewrok.xcdatamodeld */,
				4FA6AC5F1B26BDF9007D25F0 /* Supporting Files */,
				4FA6AC841B26BE85007D25F0 /* TableController.swift */,
				4FA6AC881B26C555007D25F0 /* TableViewCell.swift */,
				4FA6AC891B26C555007D25F0 /* TableViewCell.xib */,
				4FA6AC8C1B26C5B8007D25F0 /* JsonData.swift */,
			);
			path = homewrok;
			sourceTree = "<group>";
		};
		4FA6AC5F1B26BDF9007D25F0 /* Supporting Files */ = {
			isa = PBXGroup;
			children = (
				4FA6AC601B26BDF9007D25F0 /* Info.plist */,
			);
			name = "Supporting Files";
			sourceTree = "<group>";
		};
		4FA6AC771B26BDF9007D25F0 /* homewrokTests */ = {
			isa = PBXGroup;
			children = (
				4FA6AC7A1B26BDF9007D25F0 /* homewrokTests.swift */,
				4FA6AC781B26BDF9007D25F0 /* Supporting Files */,
			);
			path = homewrokTests;
			sourceTree = "<group>";
		};
		4FA6AC781B26BDF9007D25F0 /* Supporting Files */ = {
			isa = PBXGroup;
			children = (
				4FA6AC791B26BDF9007D25F0 /* Info.plist */,
			);
			name = "Supporting Files";
			sourceTree = "<group>";
		};
/* End PBXGroup section */

/* Begin PBXNativeTarget section */
		4FA6AC5B1B26BDF9007D25F0 /* homewrok */ = {
			isa = PBXNativeTarget;
			buildConfigurationList = 4FA6AC7E1B26BDF9007D25F0 /* Build configuration list for PBXNativeTarget "homewrok" */;
			buildPhases = (
				4FA6AC581B26BDF9007D25F0 /* Sources */,
				4FA6AC591B26BDF9007D25F0 /* Frameworks */,
				4FA6AC5A1B26BDF9007D25F0 /* Resources */,
			);
			buildRules = (
			);
			dependencies = (
			);
			name = homewrok;
			productName = homewrok;
			productReference = 4FA6AC5C1B26BDF9007D25F0 /* homewrok.app */;
			productType = "com.apple.product-type.application";
		};
		4FA6AC731B26BDF9007D25F0 /* homewrokTests */ = {
			isa = PBXNativeTarget;
			buildConfigurationList = 4FA6AC811B26BDF9007D25F0 /* Build configuration list for PBXNativeTarget "homewrokTests" */;
			buildPhases = (
				4FA6AC701B26BDF9007D25F0 /* Sources */,
				4FA6AC711B26BDF9007D25F0 /* Frameworks */,
				4FA6AC721B26BDF9007D25F0 /* Resources */,
			);
			buildRules = (
			);
			dependencies = (
				4FA6AC761B26BDF9007D25F0 /* PBXTargetDependency */,
			);
			name = homewrokTests;
			productName = homewrokTests;
			productReference = 4FA6AC741B26BDF9007D25F0 /* homewrokTests.xctest */;
			productType = "com.apple.product-type.bundle.unit-test";
		};
/* End PBXNativeTarget section */

/* Begin PBXProject section */
		4FA6AC541B26BDF9007D25F0 /* Project object */ = {
			isa = PBXProject;
			attributes = {
				LastUpgradeCheck = 0630;
				ORGANIZATIONNAME = "Thoughtworks. inc";
				TargetAttributes = {
					4FA6AC5B1B26BDF9007D25F0 = {
						CreatedOnToolsVersion = 6.3.2;
					};
					4FA6AC731B26BDF9007D25F0 = {
						CreatedOnToolsVersion = 6.3.2;
						TestTargetID = 4FA6AC5B1B26BDF9007D25F0;
					};
				};
			};
			buildConfigurationList = 4FA6AC571B26BDF9007D25F0 /* Build configuration list for PBXProject "homewrok" */;
			compatibilityVersion = "Xcode 3.2";
			developmentRegion = English;
			hasScannedForEncodings = 0;
			knownRegions = (
				en,
				Base,
			);
			mainGroup = 4FA6AC531B26BDF9007D25F0;
			productRefGroup = 4FA6AC5D1B26BDF9007D25F0 /* Products */;
			projectDirPath = "";
			projectRoot = "";
			targets = (
				4FA6AC5B1B26BDF9007D25F0 /* homewrok */,
				4FA6AC731B26BDF9007D25F0 /* homewrokTests */,
			);
		};
/* End PBXProject section */

/* Begin PBXResourcesBuildPhase section */
		4FA6AC5A1B26BDF9007D25F0 /* Resources */ = {
			isa = PBXResourcesBuildPhase;
			buildActionMask = 2147483647;
			files = (
				4FA6AC6A1B26BDF9007D25F0 /* Main.storyboard in Resources */,
				4FA6AC8B1B26C555007D25F0 /* TableViewCell.xib in Resources */,
				4FA6AC6F1B26BDF9007D25F0 /* LaunchScreen.xib in Resources */,
				4FA6AC6C1B26BDF9007D25F0 /* Images.xcassets in Resources */,
				4FA6AC871B26C1CB007D25F0 /* facts.json in Resources */,
			);
			runOnlyForDeploymentPostprocessing = 0;
		};
		4FA6AC721B26BDF9007D25F0 /* Resources */ = {
			isa = PBXResourcesBuildPhase;
			buildActionMask = 2147483647;
			files = (
			);
			runOnlyForDeploymentPostprocessing = 0;
		};
/* End PBXResourcesBuildPhase section */

/* Begin PBXSourcesBuildPhase section */
		4FA6AC581B26BDF9007D25F0 /* Sources */ = {
			isa = PBXSourcesBuildPhase;
			buildActionMask = 2147483647;
			files = (
				4FA6AC8A1B26C555007D25F0 /* TableViewCell.swift in Sources */,
				4FA6AC851B26BE85007D25F0 /* TableController.swift in Sources */,
				4FA6AC671B26BDF9007D25F0 /* ViewController.swift in Sources */,
				4FA6AC8D1B26C5B8007D25F0 /* JsonData.swift in Sources */,
				4FA6AC621B26BDF9007D25F0 /* AppDelegate.swift in Sources */,
				4FA6AC651B26BDF9007D25F0 /* homewrok.xcdatamodeld in Sources */,
			);
			runOnlyForDeploymentPostprocessing = 0;
		};
		4FA6AC701B26BDF9007D25F0 /* Sources */ = {
			isa = PBXSourcesBuildPhase;
			buildActionMask = 2147483647;
			files = (
				4FA6AC7B1B26BDF9007D25F0 /* homewrokTests.swift in Sources */,
			);
			runOnlyForDeploymentPostprocessing = 0;
		};
/* End PBXSourcesBuildPhase section */

/* Begin PBXTargetDependency section */
		4FA6AC761B26BDF9007D25F0 /* PBXTargetDependency */ = {
			isa = PBXTargetDependency;
			target = 4FA6AC5B1B26BDF9007D25F0 /* homewrok */;
			targetProxy = 4FA6AC751B26BDF9007D25F0 /* PBXContainerItemProxy */;
		};
/* End PBXTargetDependency section */

/* Begin PBXVariantGroup section */
		4FA6AC681B26BDF9007D25F0 /* Main.storyboard */ = {
			isa = PBXVariantGroup;
			children = (
				4FA6AC691B26BDF9007D25F0 /* Base */,
			);
			name = Main.storyboard;
			sourceTree = "<group>";
		};
		4FA6AC6D1B26BDF9007D25F0 /* LaunchScreen.xib */ = {
			isa = PBXVariantGroup;
			children = (
				4FA6AC6E1B26BDF9007D25F0 /* Base */,
			);
			name = LaunchScreen.xib;
			sourceTree = "<group>";
		};
/* End PBXVariantGroup section */

/* Begin XCBuildConfiguration section */
		4FA6AC7C1B26BDF9007D25F0 /* Debug */ = {
			isa = XCBuildConfiguration;
			buildSettings = {
				ALWAYS_SEARCH_USER_PATHS = NO;
				CLANG_CXX_LANGUAGE_STANDARD = "gnu++0x";
				CLANG_CXX_LIBRARY = "libc++";
				CLANG_ENABLE_MODULES = YES;
				CLANG_ENABLE_OBJC_ARC = YES;
				CLANG_WARN_BOOL_CONVERSION = YES;
				CLANG_WARN_CONSTANT_CONVERSION = YES;
				CLANG_WARN_DIRECT_OBJC_ISA_USAGE = YES_ERROR;
				CLANG_WARN_EMPTY_BODY = YES;
				CLANG_WARN_ENUM_CONVERSION = YES;
				CLANG_WARN_INT_CONVERSION = YES;
				CLANG_WARN_OBJC_ROOT_CLASS = YES_ERROR;
				CLANG_WARN_UNREACHABLE_CODE = YES;
				CLANG_WARN__DUPLICATE_METHOD_MATCH = YES;
				"CODE_SIGN_IDENTITY[sdk=iphoneos*]" = "iPhone Developer";
				COPY_PHASE_STRIP = NO;
				DEBUG_INFORMATION_FORMAT = "dwarf-with-dsym";
				ENABLE_STRICT_OBJC_MSGSEND = YES;
				GCC_C_LANGUAGE_STANDARD = gnu99;
				GCC_DYNAMIC_NO_PIC = NO;
				GCC_NO_COMMON_BLOCKS = YES;
				GCC_OPTIMIZATION_LEVEL = 0;
				GCC_PREPROCESSOR_DEFINITIONS = (
					"DEBUG=1",
					"$(inherited)",
				);
				GCC_SYMBOLS_PRIVATE_EXTERN = NO;
				GCC_WARN_64_TO_32_BIT_CONVERSION = YES;
				GCC_WARN_ABOUT_RETURN_TYPE = YES_ERROR;
				GCC_WARN_UNDECLARED_SELECTOR = YES;
				GCC_WARN_UNINITIALIZED_AUTOS = YES_AGGRESSIVE;
				GCC_WARN_UNUSED_FUNCTION = YES;
				GCC_WARN_UNUSED_VARIABLE = YES;
				IPHONEOS_DEPLOYMENT_TARGET = 8.3;
				MTL_ENABLE_DEBUG_INFO = YES;
				ONLY_ACTIVE_ARCH = YES;
				SDKROOT = iphoneos;
				SWIFT_OPTIMIZATION_LEVEL = "-Onone";
				TARGETED_DEVICE_FAMILY = "1,2";
			};
			name = Debug;
		};
		4FA6AC7D1B26BDF9007D25F0 /* Release */ = {
			isa = XCBuildConfiguration;
			buildSettings = {
				ALWAYS_SEARCH_USER_PATHS = NO;
				CLANG_CXX_LANGUAGE_STANDARD = "gnu++0x";
				CLANG_CXX_LIBRARY = "libc++";
				CLANG_ENABLE_MODULES = YES;
				CLANG_ENABLE_OBJC_ARC = YES;
				CLANG_WARN_BOOL_CONVERSION = YES;
				CLANG_WARN_CONSTANT_CONVERSION = YES;
				CLANG_WARN_DIRECT_OBJC_ISA_USAGE = YES_ERROR;
				CLANG_WARN_EMPTY_BODY = YES;
				CLANG_WARN_ENUM_CONVERSION = YES;
				CLANG_WARN_INT_CONVERSION = YES;
				CLANG_WARN_OBJC_ROOT_CLASS = YES_ERROR;
				CLANG_WARN_UNREACHABLE_CODE = YES;
				CLANG_WARN__DUPLICATE_METHOD_MATCH = YES;
				"CODE_SIGN_IDENTITY[sdk=iphoneos*]" = "iPhone Developer";
				COPY_PHASE_STRIP = NO;
				DEBUG_INFORMATION_FORMAT = "dwarf-with-dsym";
				ENABLE_NS_ASSERTIONS = NO;
				ENABLE_STRICT_OBJC_MSGSEND = YES;
				GCC_C_LANGUAGE_STANDARD = gnu99;
				GCC_NO_COMMON_BLOCKS = YES;
				GCC_WARN_64_TO_32_BIT_CONVERSION = YES;
				GCC_WARN_ABOUT_RETURN_TYPE = YES_ERROR;
				GCC_WARN_UNDECLARED_SELECTOR = YES;
				GCC_WARN_UNINITIALIZED_AUTOS = YES_AGGRESSIVE;
				GCC_WARN_UNUSED_FUNCTION = YES;
				GCC_WARN_UNUSED_VARIABLE = YES;
				IPHONEOS_DEPLOYMENT_TARGET = 8.3;
				MTL_ENABLE_DEBUG_INFO = NO;
				SDKROOT = iphoneos;
				TARGETED_DEVICE_FAMILY = "1,2";
				VALIDATE_PRODUCT = YES;
			};
			name = Release;
		};
		4FA6AC7F1B26BDF9007D25F0 /* Debug */ = {
			isa = XCBuildConfiguration;
			buildSettings = {
				ASSETCATALOG_COMPILER_APPICON_NAME = AppIcon;
				INFOPLIST_FILE = homewrok/Info.plist;
				LD_RUNPATH_SEARCH_PATHS = "$(inherited) @executable_path/Frameworks";
				PRODUCT_NAME = "$(TARGET_NAME)";
			};
			name = Debug;
		};
		4FA6AC801B26BDF9007D25F0 /* Release */ = {
			isa = XCBuildConfiguration;
			buildSettings = {
				ASSETCATALOG_COMPILER_APPICON_NAME = AppIcon;
				INFOPLIST_FILE = homewrok/Info.plist;
				LD_RUNPATH_SEARCH_PATHS = "$(inherited) @executable_path/Frameworks";
				PRODUCT_NAME = "$(TARGET_NAME)";
			};
			name = Release;
		};
		4FA6AC821B26BDF9007D25F0 /* Debug */ = {
			isa = XCBuildConfiguration;
			buildSettings = {
				BUNDLE_LOADER = "$(TEST_HOST)";
				FRAMEWORK_SEARCH_PATHS = (
					"$(SDKROOT)/Developer/Library/Frameworks",
					"$(inherited)",
				);
				GCC_PREPROCESSOR_DEFINITIONS = (
					"DEBUG=1",
					"$(inherited)",
				);
				INFOPLIST_FILE = homewrokTests/Info.plist;
				LD_RUNPATH_SEARCH_PATHS = "$(inherited) @executable_path/Frameworks @loader_path/Frameworks";
				PRODUCT_NAME = "$(TARGET_NAME)";
				TEST_HOST = "$(BUILT_PRODUCTS_DIR)/homewrok.app/homewrok";
			};
			name = Debug;
		};
		4FA6AC831B26BDF9007D25F0 /* Release */ = {
			isa = XCBuildConfiguration;
			buildSettings = {
				BUNDLE_LOADER = "$(TEST_HOST)";
				FRAMEWORK_SEARCH_PATHS = (
					"$(SDKROOT)/Developer/Library/Frameworks",
					"$(inherited)",
				);
				INFOPLIST_FILE = homewrokTests/Info.plist;
				LD_RUNPATH_SEARCH_PATHS = "$(inherited) @executable_path/Frameworks @loader_path/Frameworks";
				PRODUCT_NAME = "$(TARGET_NAME)";
				TEST_HOST = "$(BUILT_PRODUCTS_DIR)/homewrok.app/homewrok";
			};
			name = Release;
		};
/* End XCBuildConfiguration section */

/* Begin XCConfigurationList section */
		4FA6AC571B26BDF9007D25F0 /* Build configuration list for PBXProject "homewrok" */ = {
			isa = XCConfigurationList;
			buildConfigurations = (
				4FA6AC7C1B26BDF9007D25F0 /* Debug */,
				4FA6AC7D1B26BDF9007D25F0 /* Release */,
			);
			defaultConfigurationIsVisible = 0;
			defaultConfigurationName = Release;
		};
		4FA6AC7E1B26BDF9007D25F0 /* Build configuration list for PBXNativeTarget "homewrok" */ = {
			isa = XCConfigurationList;
			buildConfigurations = (
				4FA6AC7F1B26BDF9007D25F0 /* Debug */,
				4FA6AC801B26BDF9007D25F0 /* Release */,
			);
			defaultConfigurationIsVisible = 0;
		};
		4FA6AC811B26BDF9007D25F0 /* Build configuration list for PBXNativeTarget "homewrokTests" */ = {
			isa = XCConfigurationList;
			buildConfigurations = (
				4FA6AC821B26BDF9007D25F0 /* Debug */,
				4FA6AC831B26BDF9007D25F0 /* Release */,
			);
			defaultConfigurationIsVisible = 0;
		};
/* End XCConfigurationList section */

/* Begin XCVersionGroup section */
		4FA6AC631B26BDF9007D25F0 /* homewrok.xcdatamodeld */ = {
			isa = XCVersionGroup;
			children = (
				4FA6AC641B26BDF9007D25F0 /* homewrok.xcdatamodel */,
			);
			currentVersion = 4FA6AC641B26BDF9007D25F0 /* homewrok.xcdatamodel */;
			path = homewrok.xcdatamodeld;
			sourceTree = "<group>";
			versionGroupType = wrapper.xcdatamodel;
		};
/* End XCVersionGroup section */
	};
	rootObject = 4FA6AC541B26BDF9007D25F0 /* Project object */;
}
